
Microsoft Visual Studio Solution File, Format Version 12.00
# Visual Studio Version 17
VisualStudioVersion = 17.0.31903.59
MinimumVisualStudioVersion = 10.0.40219.1
Project("{2150E333-8FDC-42A3-9474-1A3956D46DE8}") = "src", "src", "{70243FED-84D8-4EFE-9EC7-1453DBFE7622}"
EndProject
Project("{FAE04EC0-301F-11D3-BF4B-00C04F79EFBC}") = "TritTypes", "src\TritTypes\TritTypes.csproj", "{EE24DF41-89D3-474E-BBB0-F40D6A3942A7}"
EndProject
Project("{FAE04EC0-301F-11D3-BF4B-00C04F79EFBC}") = "T3Simulator.Common", "src\T3Simulator.Common\T3Simulator.Common.csproj", "{9501DEF9-520B-4609-B8C7-15601DAE13B4}"
EndProject
Project("{FAE04EC0-301F-11D3-BF4B-00C04F79EFBC}") = "T3Simulator.InOrder", "src\T3Simulator.InOrder\T3Simulator.InOrder.csproj", "{29CAAFAE-7527-46CC-8AD6-444B44042B06}"
EndProject
Project("{FAE04EC0-301F-11D3-BF4B-00C04F79EFBC}") = "T3Assembler", "src\T3Assembler\T3Assembler.csproj", "{85C89FEE-9F6B-4C79-97E2-A14D2BD8D39F}"
EndProject
Project("{FAE04EC0-301F-11D3-BF4B-00C04F79EFBC}") = "T3Simulator.CLI", "src\T3Simulator.CLI\T3Simulator.CLI.csproj", "{AD97CA8A-B179-441A-B646-2F263D649B3D}"
EndProject
Project("{2150E333-8FDC-42A3-9474-1A3956D46DE8}") = "tests", "tests", "{5CD3A403-84AC-4973-8956-5D7354104F82}"
EndProject
Project("{FAE04EC0-301F-11D3-BF4B-00C04F79EFBC}") = "T3Simulator.Common.Tests", "tests\T3Simulator.Common.Tests\T3Simulator.Common.Tests.csproj", "{D82FB07D-C44C-4852-9133-528EF21D02C2}"
EndProject
Project("{FAE04EC0-301F-11D3-BF4B-00C04F79EFBC}") = "T3Simulator.InOrder.Tests", "tests\T3Simulator.InOrder.Tests\T3Simulator.InOrder.Tests.csproj", "{FA2A403D-F2EC-4DEE-96D8-AE1E1D58965C}"
EndProject
Project("{FAE04EC0-301F-11D3-BF4B-00C04F79EFBC}") = "TritTypes.Tests", "tests\TritTypes.Tests\TritTypes.Tests.csproj", "{E241DF8B-EC34-48B0-99CB-BD7E3EFC8011}"
EndProject
Project("{FAE04EC0-301F-11D3-BF4B-00C04F79EFBC}") = "T3NumberConverter", "src\T3NumberConverter\T3NumberConverter.csproj", "{8CD75BBE-72C2-4533-9779-1589286C8AA5}"
EndProject
Project("{FAE04EC0-301F-11D3-BF4B-00C04F79EFBC}") = "T3Compiler", "src\T3Compiler\T3Compiler.csproj", "{39F474E6-0A2F-4C5E-9767-B791929D5600}"
EndProject
Global
	GlobalSection(SolutionConfigurationPlatforms) = preSolution
		Debug|Any CPU = Debug|Any CPU
		Release|Any CPU = Release|Any CPU
	EndGlobalSection
	GlobalSection(SolutionProperties) = preSolution
		HideSolutionNode = FALSE
	EndGlobalSection
	GlobalSection(ProjectConfigurationPlatforms) = postSolution
		{EE24DF41-89D3-474E-BBB0-F40D6A3942A7}.Debug|Any CPU.ActiveCfg = Debug|Any CPU
		{EE24DF41-89D3-474E-BBB0-F40D6A3942A7}.Debug|Any CPU.Build.0 = Debug|Any CPU
		{EE24DF41-89D3-474E-BBB0-F40D6A3942A7}.Release|Any CPU.ActiveCfg = Release|Any CPU
		{EE24DF41-89D3-474E-BBB0-F40D6A3942A7}.Release|Any CPU.Build.0 = Release|Any CPU
		{9501DEF9-520B-4609-B8C7-15601DAE13B4}.Debug|Any CPU.ActiveCfg = Debug|Any CPU
		{9501DEF9-520B-4609-B8C7-15601DAE13B4}.Debug|Any CPU.Build.0 = Debug|Any CPU
		{9501DEF9-520B-4609-B8C7-15601DAE13B4}.Release|Any CPU.ActiveCfg = Release|Any CPU
		{9501DEF9-520B-4609-B8C7-15601DAE13B4}.Release|Any CPU.Build.0 = Release|Any CPU
		{29CAAFAE-7527-46CC-8AD6-444B44042B06}.Debug|Any CPU.ActiveCfg = Debug|Any CPU
		{29CAAFAE-7527-46CC-8AD6-444B44042B06}.Debug|Any CPU.Build.0 = Debug|Any CPU
		{29CAAFAE-7527-46CC-8AD6-444B44042B06}.Release|Any CPU.ActiveCfg = Release|Any CPU
		{29CAAFAE-7527-46CC-8AD6-444B44042B06}.Release|Any CPU.Build.0 = Release|Any CPU
		{85C89FEE-9F6B-4C79-97E2-A14D2BD8D39F}.Debug|Any CPU.ActiveCfg = Debug|Any CPU
		{85C89FEE-9F6B-4C79-97E2-A14D2BD8D39F}.Debug|Any CPU.Build.0 = Debug|Any CPU
		{85C89FEE-9F6B-4C79-97E2-A14D2BD8D39F}.Release|Any CPU.ActiveCfg = Release|Any CPU
		{85C89FEE-9F6B-4C79-97E2-A14D2BD8D39F}.Release|Any CPU.Build.0 = Release|Any CPU
		{AD97CA8A-B179-441A-B646-2F263D649B3D}.Debug|Any CPU.ActiveCfg = Debug|Any CPU
		{AD97CA8A-B179-441A-B646-2F263D649B3D}.Debug|Any CPU.Build.0 = Debug|Any CPU
		{AD97CA8A-B179-441A-B646-2F263D649B3D}.Release|Any CPU.ActiveCfg = Release|Any CPU
		{AD97CA8A-B179-441A-B646-2F263D649B3D}.Release|Any CPU.Build.0 = Release|Any CPU
		{D82FB07D-C44C-4852-9133-528EF21D02C2}.Debug|Any CPU.ActiveCfg = Debug|Any CPU
		{D82FB07D-C44C-4852-9133-528EF21D02C2}.Debug|Any CPU.Build.0 = Debug|Any CPU
		{D82FB07D-C44C-4852-9133-528EF21D02C2}.Release|Any CPU.ActiveCfg = Release|Any CPU
		{D82FB07D-C44C-4852-9133-528EF21D02C2}.Release|Any CPU.Build.0 = Release|Any CPU
		{FA2A403D-F2EC-4DEE-96D8-AE1E1D58965C}.Debug|Any CPU.ActiveCfg = Debug|Any CPU
		{FA2A403D-F2EC-4DEE-96D8-AE1E1D58965C}.Debug|Any CPU.Build.0 = Debug|Any CPU
		{FA2A403D-F2EC-4DEE-96D8-AE1E1D58965C}.Release|Any CPU.ActiveCfg = Release|Any CPU
		{FA2A403D-F2EC-4DEE-96D8-AE1E1D58965C}.Release|Any CPU.Build.0 = Release|Any CPU
		{E241DF8B-EC34-48B0-99CB-BD7E3EFC8011}.Debug|Any CPU.ActiveCfg = Debug|Any CPU
		{E241DF8B-EC34-48B0-99CB-BD7E3EFC8011}.Debug|Any CPU.Build.0 = Debug|Any CPU
		{E241DF8B-EC34-48B0-99CB-BD7E3EFC8011}.Release|Any CPU.ActiveCfg = Release|Any CPU
		{E241DF8B-EC34-48B0-99CB-BD7E3EFC8011}.Release|Any CPU.Build.0 = Release|Any CPU
		{8CD75BBE-72C2-4533-9779-1589286C8AA5}.Debug|Any CPU.ActiveCfg = Debug|Any CPU
		{8CD75BBE-72C2-4533-9779-1589286C8AA5}.Debug|Any CPU.Build.0 = Debug|Any CPU
		{8CD75BBE-72C2-4533-9779-1589286C8AA5}.Release|Any CPU.ActiveCfg = Release|Any CPU
		{8CD75BBE-72C2-4533-9779-1589286C8AA5}.Release|Any CPU.Build.0 = Release|Any CPU
		{39F474E6-0A2F-4C5E-9767-B791929D5600}.Debug|Any CPU.ActiveCfg = Debug|Any CPU
		{39F474E6-0A2F-4C5E-9767-B791929D5600}.Debug|Any CPU.Build.0 = Debug|Any CPU
		{39F474E6-0A2F-4C5E-9767-B791929D5600}.Release|Any CPU.ActiveCfg = Release|Any CPU
		{39F474E6-0A2F-4C5E-9767-B791929D5600}.Release|Any CPU.Build.0 = Release|Any CPU
	EndGlobalSection
	GlobalSection(NestedProjects) = preSolution
		{EE24DF41-89D3-474E-BBB0-F40D6A3942A7} = {70243FED-84D8-4EFE-9EC7-1453DBFE7622}
		{9501DEF9-520B-4609-B8C7-15601DAE13B4} = {70243FED-84D8-4EFE-9EC7-1453DBFE7622}
		{29CAAFAE-7527-46CC-8AD6-444B44042B06} = {70243FED-84D8-4EFE-9EC7-1453DBFE7622}
		{85C89FEE-9F6B-4C79-97E2-A14D2BD8D39F} = {70243FED-84D8-4EFE-9EC7-1453DBFE7622}
		{AD97CA8A-B179-441A-B646-2F263D649B3D} = {70243FED-84D8-4EFE-9EC7-1453DBFE7622}
		{D82FB07D-C44C-4852-9133-528EF21D02C2} = {5CD3A403-84AC-4973-8956-5D7354104F82}
		{FA2A403D-F2EC-4DEE-96D8-AE1E1D58965C} = {5CD3A403-84AC-4973-8956-5D7354104F82}
		{E241DF8B-EC34-48B0-99CB-BD7E3EFC8011} = {5CD3A403-84AC-4973-8956-5D7354104F82}
		{8CD75BBE-72C2-4533-9779-1589286C8AA5} = {70243FED-84D8-4EFE-9EC7-1453DBFE7622}
		{39F474E6-0A2F-4C5E-9767-B791929D5600} = {70243FED-84D8-4EFE-9EC7-1453DBFE7622}
	EndGlobalSection
EndGlobal
